// !$*UTF8*$!
{
	archiveVersion = 1;
	classes = {
	};
	objectVersion = 46;
	objects = {

/* Begin PBXBuildFile section */
		7B15FAAB1BC7BF2F00204957 /* MusicListTool.m in Sources */ = {isa = PBXBuildFile; fileRef = 7B15FAAA1BC7BF2F00204957 /* MusicListTool.m */; };
		7B1A3F941BBB854600699094 /* MusicListCell.m in Sources */ = {isa = PBXBuildFile; fileRef = 7B1A3F911BBB854600699094 /* MusicListCell.m */; };
		7B1A3F951BBB854600699094 /* MusicListFrame.m in Sources */ = {isa = PBXBuildFile; fileRef = 7B1A3F931BBB854600699094 /* MusicListFrame.m */; };
		7B1B41241BA6CC1500B6D9C1 /* HttpSearchUtil.m in Sources */ = {isa = PBXBuildFile; fileRef = 7B1B41231BA6CC1500B6D9C1 /* HttpSearchUtil.m */; };
		7B1B41271BA6D06E00B6D9C1 /* SearchTableView.m in Sources */ = {isa = PBXBuildFile; fileRef = 7B1B41261BA6D06E00B6D9C1 /* SearchTableView.m */; };
		7B1B412B1BA70F1A00B6D9C1 /* MusicAppLogo.png in Resources */ = {isa = PBXBuildFile; fileRef = 7B1B412A1BA70F1A00B6D9C1 /* MusicAppLogo.png */; };
		7B1B41581BA7F59700B6D9C1 /* MJRefresh.bundle in Resources */ = {isa = PBXBuildFile; fileRef = 7B1B41481BA7F59700B6D9C1 /* MJRefresh.bundle */; };
		7B1B41591BA7F59700B6D9C1 /* MJRefreshBaseView.m in Sources */ = {isa = PBXBuildFile; fileRef = 7B1B414B1BA7F59700B6D9C1 /* MJRefreshBaseView.m */; };
		7B1B415A1BA7F59700B6D9C1 /* MJRefreshConst.m in Sources */ = {isa = PBXBuildFile; fileRef = 7B1B414D1BA7F59700B6D9C1 /* MJRefreshConst.m */; };
		7B1B415B1BA7F59700B6D9C1 /* MJRefreshFooterView.m in Sources */ = {isa = PBXBuildFile; fileRef = 7B1B414F1BA7F59700B6D9C1 /* MJRefreshFooterView.m */; };
		7B1B415C1BA7F59700B6D9C1 /* MJRefreshHeaderView.m in Sources */ = {isa = PBXBuildFile; fileRef = 7B1B41511BA7F59700B6D9C1 /* MJRefreshHeaderView.m */; };
		7B1B415D1BA7F59700B6D9C1 /* UIScrollView+MJExtension.m in Sources */ = {isa = PBXBuildFile; fileRef = 7B1B41531BA7F59700B6D9C1 /* UIScrollView+MJExtension.m */; };
		7B1B415E1BA7F59700B6D9C1 /* UIScrollView+MJRefresh.m in Sources */ = {isa = PBXBuildFile; fileRef = 7B1B41551BA7F59700B6D9C1 /* UIScrollView+MJRefresh.m */; };
		7B1B415F1BA7F59700B6D9C1 /* UIView+MJExtension.m in Sources */ = {isa = PBXBuildFile; fileRef = 7B1B41571BA7F59700B6D9C1 /* UIView+MJExtension.m */; };
		7B4979241BA16452003242AC /* Music.m in Sources */ = {isa = PBXBuildFile; fileRef = 7B4979231BA16452003242AC /* Music.m */; };
		7B4979271BA164A1003242AC /* MusicList.m in Sources */ = {isa = PBXBuildFile; fileRef = 7B4979261BA164A1003242AC /* MusicList.m */; };
		7B4979401BA16AD4003242AC /* MJDictionaryCache.m in Sources */ = {isa = PBXBuildFile; fileRef = 7B49792A1BA16AD4003242AC /* MJDictionaryCache.m */; };
		7B4979411BA16AD4003242AC /* MJExtensionConst.m in Sources */ = {isa = PBXBuildFile; fileRef = 7B49792D1BA16AD4003242AC /* MJExtensionConst.m */; };
		7B4979421BA16AD4003242AC /* MJFoundation.m in Sources */ = {isa = PBXBuildFile; fileRef = 7B49792F1BA16AD4003242AC /* MJFoundation.m */; };
		7B4979431BA16AD4003242AC /* MJProperty.m in Sources */ = {isa = PBXBuildFile; fileRef = 7B4979311BA16AD4003242AC /* MJProperty.m */; };
		7B4979441BA16AD4003242AC /* MJPropertyKey.m in Sources */ = {isa = PBXBuildFile; fileRef = 7B4979331BA16AD4003242AC /* MJPropertyKey.m */; };
		7B4979451BA16AD4003242AC /* MJPropertyType.m in Sources */ = {isa = PBXBuildFile; fileRef = 7B4979351BA16AD4003242AC /* MJPropertyType.m */; };
		7B4979461BA16AD4003242AC /* NSObject+MJClass.m in Sources */ = {isa = PBXBuildFile; fileRef = 7B4979371BA16AD4003242AC /* NSObject+MJClass.m */; };
		7B4979471BA16AD4003242AC /* NSObject+MJCoding.m in Sources */ = {isa = PBXBuildFile; fileRef = 7B4979391BA16AD4003242AC /* NSObject+MJCoding.m */; };
		7B4979481BA16AD4003242AC /* NSObject+MJKeyValue.m in Sources */ = {isa = PBXBuildFile; fileRef = 7B49793B1BA16AD4003242AC /* NSObject+MJKeyValue.m */; };
		7B4979491BA16AD4003242AC /* NSObject+MJProperty.m in Sources */ = {isa = PBXBuildFile; fileRef = 7B49793D1BA16AD4003242AC /* NSObject+MJProperty.m */; };
		7B49794A1BA16AD4003242AC /* NSString+MJExtension.m in Sources */ = {isa = PBXBuildFile; fileRef = 7B49793F1BA16AD4003242AC /* NSString+MJExtension.m */; };
		7B66FFBE1BBF70240076584D /* FetchDataFromNet.m in Sources */ = {isa = PBXBuildFile; fileRef = 7B66FFBD1BBF70240076584D /* FetchDataFromNet.m */; };
		7B66FFC11BBF705E0076584D /* MusicData.m in Sources */ = {isa = PBXBuildFile; fileRef = 7B66FFC01BBF705E0076584D /* MusicData.m */; };
		7B8320131BD0C48A00835C7A /* MyMusicTBViewController.m in Sources */ = {isa = PBXBuildFile; fileRef = 7B8320121BD0C48A00835C7A /* MyMusicTBViewController.m */; };
		7B8320171BD0DD0D00835C7A /* DownLoadPlist.plist in Resources */ = {isa = PBXBuildFile; fileRef = 7B8320161BD0DD0D00835C7A /* DownLoadPlist.plist */; };
		7B9342D81BA53F2D0073BDD8 /* main_index01.png in Resources */ = {isa = PBXBuildFile; fileRef = 7B9342D71BA53F2D0073BDD8 /* main_index01.png */; };
		7B9342DC1BA542BA0073BDD8 /* main_index02.png in Resources */ = {isa = PBXBuildFile; fileRef = 7B9342D91BA542BA0073BDD8 /* main_index02.png */; };
		7B9342DD1BA542BA0073BDD8 /* main_index03.png in Resources */ = {isa = PBXBuildFile; fileRef = 7B9342DA1BA542BA0073BDD8 /* main_index03.png */; };
		7B9342DE1BA542BA0073BDD8 /* main_index04.png in Resources */ = {isa = PBXBuildFile; fileRef = 7B9342DB1BA542BA0073BDD8 /* main_index04.png */; };
		7B9342E01BA549E40073BDD8 /* tabBarbg.png in Resources */ = {isa = PBXBuildFile; fileRef = 7B9342DF1BA549E40073BDD8 /* tabBarbg.png */; };
		7B9342EA1BA54E2A0073BDD8 /* tabBar.png in Resources */ = {isa = PBXBuildFile; fileRef = 7B9342E81BA54E2A0073BDD8 /* tabBar.png */; };
		7B9342EB1BA54E2A0073BDD8 /* navBar.png in Resources */ = {isa = PBXBuildFile; fileRef = 7B9342E91BA54E2A0073BDD8 /* navBar.png */; };
		7B9342F11BA566680073BDD8 /* BaseTabBarController.m in Sources */ = {isa = PBXBuildFile; fileRef = 7B9342EE1BA566680073BDD8 /* BaseTabBarController.m */; };
		7B9342F21BA566680073BDD8 /* FirstTBViewController.m in Sources */ = {isa = PBXBuildFile; fileRef = 7B9342F01BA566680073BDD8 /* FirstTBViewController.m */; };
		7B9342F61BA566FB0073BDD8 /* FirstTBView.m in Sources */ = {isa = PBXBuildFile; fileRef = 7B9342F51BA566FB0073BDD8 /* FirstTBView.m */; };
		7BAB445C1BC73E190022944B /* ExtensibleTableView.m in Sources */ = {isa = PBXBuildFile; fileRef = 7BAB445B1BC73E190022944B /* ExtensibleTableView.m */; };
		7BAF0D3B1BC7D65E00EB7B8C /* MusicListToolButton.m in Sources */ = {isa = PBXBuildFile; fileRef = 7BAF0D3A1BC7D65E00EB7B8C /* MusicListToolButton.m */; };
		7BE2953D1BA031A7006056C2 /* main.m in Sources */ = {isa = PBXBuildFile; fileRef = 7BE2953C1BA031A7006056C2 /* main.m */; };
		7BE295401BA031A7006056C2 /* AppDelegate.m in Sources */ = {isa = PBXBuildFile; fileRef = 7BE2953F1BA031A7006056C2 /* AppDelegate.m */; };
		7BE295431BA031A7006056C2 /* ViewController.m in Sources */ = {isa = PBXBuildFile; fileRef = 7BE295421BA031A7006056C2 /* ViewController.m */; };
		7BE295481BA031A7006056C2 /* Assets.xcassets in Resources */ = {isa = PBXBuildFile; fileRef = 7BE295471BA031A7006056C2 /* Assets.xcassets */; };
		7BE2954B1BA031A7006056C2 /* LaunchScreen.storyboard in Resources */ = {isa = PBXBuildFile; fileRef = 7BE295491BA031A7006056C2 /* LaunchScreen.storyboard */; };
		7BE295561BA031A7006056C2 /* MusicAppTests.m in Sources */ = {isa = PBXBuildFile; fileRef = 7BE295551BA031A7006056C2 /* MusicAppTests.m */; };
		7BE295611BA031A7006056C2 /* MusicAppUITests.m in Sources */ = {isa = PBXBuildFile; fileRef = 7BE295601BA031A7006056C2 /* MusicAppUITests.m */; };
		7BEC4BD81BC8CC6400F5249A /* MusicPlayerView.m in Sources */ = {isa = PBXBuildFile; fileRef = 7BEC4BD71BC8CC6400F5249A /* MusicPlayerView.m */; };
		7BEC4BDB1BC8CC9800F5249A /* MusicPlayerViewController.m in Sources */ = {isa = PBXBuildFile; fileRef = 7BEC4BDA1BC8CC9800F5249A /* MusicPlayerViewController.m */; };
		7BEC4BFE1BC8CCC300F5249A /* MKAnnotationView+WebCache.m in Sources */ = {isa = PBXBuildFile; fileRef = 7BEC4BDE1BC8CCC300F5249A /* MKAnnotationView+WebCache.m */; };
		7BEC4BFF1BC8CCC300F5249A /* NSData+ImageContentType.m in Sources */ = {isa = PBXBuildFile; fileRef = 7BEC4BE01BC8CCC300F5249A /* NSData+ImageContentType.m */; };
		7BEC4C001BC8CCC300F5249A /* SDImageCache.m in Sources */ = {isa = PBXBuildFile; fileRef = 7BEC4BE21BC8CCC300F5249A /* SDImageCache.m */; };
		7BEC4C011BC8CCC300F5249A /* SDWebImageCompat.m in Sources */ = {isa = PBXBuildFile; fileRef = 7BEC4BE41BC8CCC300F5249A /* SDWebImageCompat.m */; };
		7BEC4C021BC8CCC300F5249A /* SDWebImageDecoder.m in Sources */ = {isa = PBXBuildFile; fileRef = 7BEC4BE61BC8CCC300F5249A /* SDWebImageDecoder.m */; };
		7BEC4C031BC8CCC300F5249A /* SDWebImageDownloader.m in Sources */ = {isa = PBXBuildFile; fileRef = 7BEC4BE81BC8CCC300F5249A /* SDWebImageDownloader.m */; };
		7BEC4C041BC8CCC300F5249A /* SDWebImageDownloaderOperation.m in Sources */ = {isa = PBXBuildFile; fileRef = 7BEC4BEA1BC8CCC300F5249A /* SDWebImageDownloaderOperation.m */; };
		7BEC4C051BC8CCC300F5249A /* SDWebImageManager.m in Sources */ = {isa = PBXBuildFile; fileRef = 7BEC4BEC1BC8CCC300F5249A /* SDWebImageManager.m */; };
		7BEC4C061BC8CCC300F5249A /* SDWebImagePrefetcher.m in Sources */ = {isa = PBXBuildFile; fileRef = 7BEC4BEF1BC8CCC300F5249A /* SDWebImagePrefetcher.m */; };
		7BEC4C071BC8CCC300F5249A /* UIButton+WebCache.m in Sources */ = {isa = PBXBuildFile; fileRef = 7BEC4BF11BC8CCC300F5249A /* UIButton+WebCache.m */; };
		7BEC4C081BC8CCC300F5249A /* UIImage+GIF.m in Sources */ = {isa = PBXBuildFile; fileRef = 7BEC4BF31BC8CCC300F5249A /* UIImage+GIF.m */; };
		7BEC4C091BC8CCC300F5249A /* UIImage+MultiFormat.m in Sources */ = {isa = PBXBuildFile; fileRef = 7BEC4BF51BC8CCC300F5249A /* UIImage+MultiFormat.m */; };
		7BEC4C0A1BC8CCC300F5249A /* UIImage+WebP.m in Sources */ = {isa = PBXBuildFile; fileRef = 7BEC4BF71BC8CCC300F5249A /* UIImage+WebP.m */; };
		7BEC4C0B1BC8CCC300F5249A /* UIImageView+HighlightedWebCache.m in Sources */ = {isa = PBXBuildFile; fileRef = 7BEC4BF91BC8CCC300F5249A /* UIImageView+HighlightedWebCache.m */; };
		7BEC4C0C1BC8CCC300F5249A /* UIImageView+WebCache.m in Sources */ = {isa = PBXBuildFile; fileRef = 7BEC4BFB1BC8CCC300F5249A /* UIImageView+WebCache.m */; };
		7BEC4C0D1BC8CCC300F5249A /* UIView+WebCacheOperation.m in Sources */ = {isa = PBXBuildFile; fileRef = 7BEC4BFD1BC8CCC300F5249A /* UIView+WebCacheOperation.m */; };
/* End PBXBuildFile section */

/* Begin PBXContainerItemProxy section */
		7BE295521BA031A7006056C2 /* PBXContainerItemProxy */ = {
			isa = PBXContainerItemProxy;
			containerPortal = 7BE295301BA031A7006056C2 /* Project object */;
			proxyType = 1;
			remoteGlobalIDString = 7BE295371BA031A7006056C2;
			remoteInfo = MusicApp;
		};
		7BE2955D1BA031A7006056C2 /* PBXContainerItemProxy */ = {
			isa = PBXContainerItemProxy;
			containerPortal = 7BE295301BA031A7006056C2 /* Project object */;
			proxyType = 1;
			remoteGlobalIDString = 7BE295371BA031A7006056C2;
			remoteInfo = MusicApp;
		};
/* End PBXContainerItemProxy section */

/* Begin PBXFileReference section */
		7B15FAA91BC7BF2F00204957 /* MusicListTool.h */ = {isa = PBXFileReference; fileEncoding = 4; lastKnownFileType = sourcecode.c.h; path = MusicListTool.h; sourceTree = "<group>"; };
		7B15FAAA1BC7BF2F00204957 /* MusicListTool.m */ = {isa = PBXFileReference; fileEncoding = 4; lastKnownFileType = sourcecode.c.objc; path = MusicListTool.m; sourceTree = "<group>"; };
		7B1A3F901BBB854600699094 /* MusicListCell.h */ = {isa = PBXFileReference; fileEncoding = 4; lastKnownFileType = sourcecode.c.h; path = MusicListCell.h; sourceTree = "<group>"; };
		7B1A3F911BBB854600699094 /* MusicListCell.m */ = {isa = PBXFileReference; fileEncoding = 4; lastKnownFileType = sourcecode.c.objc; path = MusicListCell.m; sourceTree = "<group>"; };
		7B1A3F921BBB854600699094 /* MusicListFrame.h */ = {isa = PBXFileReference; fileEncoding = 4; lastKnownFileType = sourcecode.c.h; path = MusicListFrame.h; sourceTree = "<group>"; };
		7B1A3F931BBB854600699094 /* MusicListFrame.m */ = {isa = PBXFileReference; fileEncoding = 4; lastKnownFileType = sourcecode.c.objc; path = MusicListFrame.m; sourceTree = "<group>"; };
		7B1B41221BA6CC1500B6D9C1 /* HttpSearchUtil.h */ = {isa = PBXFileReference; fileEncoding = 4; lastKnownFileType = sourcecode.c.h; path = HttpSearchUtil.h; sourceTree = "<group>"; };
		7B1B41231BA6CC1500B6D9C1 /* HttpSearchUtil.m */ = {isa = PBXFileReference; fileEncoding = 4; lastKnownFileType = sourcecode.c.objc; path = HttpSearchUtil.m; sourceTree = "<group>"; };
		7B1B41251BA6D06E00B6D9C1 /* SearchTableView.h */ = {isa = PBXFileReference; fileEncoding = 4; lastKnownFileType = sourcecode.c.h; path = SearchTableView.h; sourceTree = "<group>"; };
		7B1B41261BA6D06E00B6D9C1 /* SearchTableView.m */ = {isa = PBXFileReference; fileEncoding = 4; lastKnownFileType = sourcecode.c.objc; path = SearchTableView.m; sourceTree = "<group>"; };
		7B1B412A1BA70F1A00B6D9C1 /* MusicAppLogo.png */ = {isa = PBXFileReference; lastKnownFileType = image.png; path = MusicAppLogo.png; sourceTree = "<group>"; };
		7B1B41481BA7F59700B6D9C1 /* MJRefresh.bundle */ = {isa = PBXFileReference; lastKnownFileType = "wrapper.plug-in"; path = MJRefresh.bundle; sourceTree = "<group>"; };
		7B1B41491BA7F59700B6D9C1 /* MJRefresh.h */ = {isa = PBXFileReference; fileEncoding = 4; lastKnownFileType = sourcecode.c.h; path = MJRefresh.h; sourceTree = "<group>"; };
		7B1B414A1BA7F59700B6D9C1 /* MJRefreshBaseView.h */ = {isa = PBXFileReference; fileEncoding = 4; lastKnownFileType = sourcecode.c.h; path = MJRefreshBaseView.h; sourceTree = "<group>"; };
		7B1B414B1BA7F59700B6D9C1 /* MJRefreshBaseView.m */ = {isa = PBXFileReference; fileEncoding = 4; lastKnownFileType = sourcecode.c.objc; path = MJRefreshBaseView.m; sourceTree = "<group>"; };
		7B1B414C1BA7F59700B6D9C1 /* MJRefreshConst.h */ = {isa = PBXFileReference; fileEncoding = 4; lastKnownFileType = sourcecode.c.h; path = MJRefreshConst.h; sourceTree = "<group>"; };
		7B1B414D1BA7F59700B6D9C1 /* MJRefreshConst.m */ = {isa = PBXFileReference; fileEncoding = 4; lastKnownFileType = sourcecode.c.objc; path = MJRefreshConst.m; sourceTree = "<group>"; };
		7B1B414E1BA7F59700B6D9C1 /* MJRefreshFooterView.h */ = {isa = PBXFileReference; fileEncoding = 4; lastKnownFileType = sourcecode.c.h; path = MJRefreshFooterView.h; sourceTree = "<group>"; };
		7B1B414F1BA7F59700B6D9C1 /* MJRefreshFooterView.m */ = {isa = PBXFileReference; fileEncoding = 4; lastKnownFileType = sourcecode.c.objc; path = MJRefreshFooterView.m; sourceTree = "<group>"; };
		7B1B41501BA7F59700B6D9C1 /* MJRefreshHeaderView.h */ = {isa = PBXFileReference; fileEncoding = 4; lastKnownFileType = sourcecode.c.h; path = MJRefreshHeaderView.h; sourceTree = "<group>"; };
		7B1B41511BA7F59700B6D9C1 /* MJRefreshHeaderView.m */ = {isa = PBXFileReference; fileEncoding = 4; lastKnownFileType = sourcecode.c.objc; path = MJRefreshHeaderView.m; sourceTree = "<group>"; };
		7B1B41521BA7F59700B6D9C1 /* UIScrollView+MJExtension.h */ = {isa = PBXFileReference; fileEncoding = 4; lastKnownFileType = sourcecode.c.h; path = "UIScrollView+MJExtension.h"; sourceTree = "<group>"; };
		7B1B41531BA7F59700B6D9C1 /* UIScrollView+MJExtension.m */ = {isa = PBXFileReference; fileEncoding = 4; lastKnownFileType = sourcecode.c.objc; path = "UIScrollView+MJExtension.m"; sourceTree = "<group>"; };
		7B1B41541BA7F59700B6D9C1 /* UIScrollView+MJRefresh.h */ = {isa = PBXFileReference; fileEncoding = 4; lastKnownFileType = sourcecode.c.h; path = "UIScrollView+MJRefresh.h"; sourceTree = "<group>"; };
		7B1B41551BA7F59700B6D9C1 /* UIScrollView+MJRefresh.m */ = {isa = PBXFileReference; fileEncoding = 4; lastKnownFileType = sourcecode.c.objc; path = "UIScrollView+MJRefresh.m"; sourceTree = "<group>"; };
		7B1B41561BA7F59700B6D9C1 /* UIView+MJExtension.h */ = {isa = PBXFileReference; fileEncoding = 4; lastKnownFileType = sourcecode.c.h; path = "UIView+MJExtension.h"; sourceTree = "<group>"; };
		7B1B41571BA7F59700B6D9C1 /* UIView+MJExtension.m */ = {isa = PBXFileReference; fileEncoding = 4; lastKnownFileType = sourcecode.c.objc; path = "UIView+MJExtension.m"; sourceTree = "<group>"; };
		7B4979221BA16452003242AC /* Music.h */ = {isa = PBXFileReference; fileEncoding = 4; lastKnownFileType = sourcecode.c.h; path = Music.h; sourceTree = "<group>"; };
		7B4979231BA16452003242AC /* Music.m */ = {isa = PBXFileReference; fileEncoding = 4; lastKnownFileType = sourcecode.c.objc; path = Music.m; sourceTree = "<group>"; };
		7B4979251BA164A1003242AC /* MusicList.h */ = {isa = PBXFileReference; fileEncoding = 4; lastKnownFileType = sourcecode.c.h; path = MusicList.h; sourceTree = "<group>"; };
		7B4979261BA164A1003242AC /* MusicList.m */ = {isa = PBXFileReference; fileEncoding = 4; lastKnownFileType = sourcecode.c.objc; path = MusicList.m; sourceTree = "<group>"; };
		7B4979291BA16AD4003242AC /* MJDictionaryCache.h */ = {isa = PBXFileReference; fileEncoding = 4; lastKnownFileType = sourcecode.c.h; path = MJDictionaryCache.h; sourceTree = "<group>"; };
		7B49792A1BA16AD4003242AC /* MJDictionaryCache.m */ = {isa = PBXFileReference; fileEncoding = 4; lastKnownFileType = sourcecode.c.objc; path = MJDictionaryCache.m; sourceTree = "<group>"; };
		7B49792B1BA16AD4003242AC /* MJExtension.h */ = {isa = PBXFileReference; fileEncoding = 4; lastKnownFileType = sourcecode.c.h; path = MJExtension.h; sourceTree = "<group>"; };
		7B49792C1BA16AD4003242AC /* MJExtensionConst.h */ = {isa = PBXFileReference; fileEncoding = 4; lastKnownFileType = sourcecode.c.h; path = MJExtensionConst.h; sourceTree = "<group>"; };
		7B49792D1BA16AD4003242AC /* MJExtensionConst.m */ = {isa = PBXFileReference; fileEncoding = 4; lastKnownFileType = sourcecode.c.objc; path = MJExtensionConst.m; sourceTree = "<group>"; };
		7B49792E1BA16AD4003242AC /* MJFoundation.h */ = {isa = PBXFileReference; fileEncoding = 4; lastKnownFileType = sourcecode.c.h; path = MJFoundation.h; sourceTree = "<group>"; };
		7B49792F1BA16AD4003242AC /* MJFoundation.m */ = {isa = PBXFileReference; fileEncoding = 4; lastKnownFileType = sourcecode.c.objc; path = MJFoundation.m; sourceTree = "<group>"; };
		7B4979301BA16AD4003242AC /* MJProperty.h */ = {isa = PBXFileReference; fileEncoding = 4; lastKnownFileType = sourcecode.c.h; path = MJProperty.h; sourceTree = "<group>"; };
		7B4979311BA16AD4003242AC /* MJProperty.m */ = {isa = PBXFileReference; fileEncoding = 4; lastKnownFileType = sourcecode.c.objc; path = MJProperty.m; sourceTree = "<group>"; };
		7B4979321BA16AD4003242AC /* MJPropertyKey.h */ = {isa = PBXFileReference; fileEncoding = 4; lastKnownFileType = sourcecode.c.h; path = MJPropertyKey.h; sourceTree = "<group>"; };
		7B4979331BA16AD4003242AC /* MJPropertyKey.m */ = {isa = PBXFileReference; fileEncoding = 4; lastKnownFileType = sourcecode.c.objc; path = MJPropertyKey.m; sourceTree = "<group>"; };
		7B4979341BA16AD4003242AC /* MJPropertyType.h */ = {isa = PBXFileReference; fileEncoding = 4; lastKnownFileType = sourcecode.c.h; path = MJPropertyType.h; sourceTree = "<group>"; };
		7B4979351BA16AD4003242AC /* MJPropertyType.m */ = {isa = PBXFileReference; fileEncoding = 4; lastKnownFileType = sourcecode.c.objc; path = MJPropertyType.m; sourceTree = "<group>"; };
		7B4979361BA16AD4003242AC /* NSObject+MJClass.h */ = {isa = PBXFileReference; fileEncoding = 4; lastKnownFileType = sourcecode.c.h; path = "NSObject+MJClass.h"; sourceTree = "<group>"; };
		7B4979371BA16AD4003242AC /* NSObject+MJClass.m */ = {isa = PBXFileReference; fileEncoding = 4; lastKnownFileType = sourcecode.c.objc; path = "NSObject+MJClass.m"; sourceTree = "<group>"; };
		7B4979381BA16AD4003242AC /* NSObject+MJCoding.h */ = {isa = PBXFileReference; fileEncoding = 4; lastKnownFileType = sourcecode.c.h; path = "NSObject+MJCoding.h"; sourceTree = "<group>"; };
		7B4979391BA16AD4003242AC /* NSObject+MJCoding.m */ = {isa = PBXFileReference; fileEncoding = 4; lastKnownFileType = sourcecode.c.objc; path = "NSObject+MJCoding.m"; sourceTree = "<group>"; };
		7B49793A1BA16AD4003242AC /* NSObject+MJKeyValue.h */ = {isa = PBXFileReference; fileEncoding = 4; lastKnownFileType = sourcecode.c.h; path = "NSObject+MJKeyValue.h"; sourceTree = "<group>"; };
		7B49793B1BA16AD4003242AC /* NSObject+MJKeyValue.m */ = {isa = PBXFileReference; fileEncoding = 4; lastKnownFileType = sourcecode.c.objc; path = "NSObject+MJKeyValue.m"; sourceTree = "<group>"; };
		7B49793C1BA16AD4003242AC /* NSObject+MJProperty.h */ = {isa = PBXFileReference; fileEncoding = 4; lastKnownFileType = sourcecode.c.h; path = "NSObject+MJProperty.h"; sourceTree = "<group>"; };
		7B49793D1BA16AD4003242AC /* NSObject+MJProperty.m */ = {isa = PBXFileReference; fileEncoding = 4; lastKnownFileType = sourcecode.c.objc; path = "NSObject+MJProperty.m"; sourceTree = "<group>"; };
		7B49793E1BA16AD4003242AC /* NSString+MJExtension.h */ = {isa = PBXFileReference; fileEncoding = 4; lastKnownFileType = sourcecode.c.h; path = "NSString+MJExtension.h"; sourceTree = "<group>"; };
		7B49793F1BA16AD4003242AC /* NSString+MJExtension.m */ = {isa = PBXFileReference; fileEncoding = 4; lastKnownFileType = sourcecode.c.objc; path = "NSString+MJExtension.m"; sourceTree = "<group>"; };
		7B66FFBC1BBF70240076584D /* FetchDataFromNet.h */ = {isa = PBXFileReference; fileEncoding = 4; lastKnownFileType = sourcecode.c.h; path = FetchDataFromNet.h; sourceTree = "<group>"; };
		7B66FFBD1BBF70240076584D /* FetchDataFromNet.m */ = {isa = PBXFileReference; fileEncoding = 4; lastKnownFileType = sourcecode.c.objc; path = FetchDataFromNet.m; sourceTree = "<group>"; };
		7B66FFBF1BBF705E0076584D /* MusicData.h */ = {isa = PBXFileReference; fileEncoding = 4; lastKnownFileType = sourcecode.c.h; path = MusicData.h; sourceTree = "<group>"; };
		7B66FFC01BBF705E0076584D /* MusicData.m */ = {isa = PBXFileReference; fileEncoding = 4; lastKnownFileType = sourcecode.c.objc; path = MusicData.m; sourceTree = "<group>"; };
		7B8320111BD0C48A00835C7A /* MyMusicTBViewController.h */ = {isa = PBXFileReference; fileEncoding = 4; lastKnownFileType = sourcecode.c.h; path = MyMusicTBViewController.h; sourceTree = "<group>"; };
		7B8320121BD0C48A00835C7A /* MyMusicTBViewController.m */ = {isa = PBXFileReference; fileEncoding = 4; lastKnownFileType = sourcecode.c.objc; path = MyMusicTBViewController.m; sourceTree = "<group>"; };
		7B8320161BD0DD0D00835C7A /* DownLoadPlist.plist */ = {isa = PBXFileReference; fileEncoding = 4; lastKnownFileType = text.plist.xml; path = DownLoadPlist.plist; sourceTree = "<group>"; };
		7B9342D71BA53F2D0073BDD8 /* main_index01.png */ = {isa = PBXFileReference; lastKnownFileType = image.png; path = main_index01.png; sourceTree = "<group>"; };
		7B9342D91BA542BA0073BDD8 /* main_index02.png */ = {isa = PBXFileReference; lastKnownFileType = image.png; path = main_index02.png; sourceTree = "<group>"; };
		7B9342DA1BA542BA0073BDD8 /* main_index03.png */ = {isa = PBXFileReference; lastKnownFileType = image.png; path = main_index03.png; sourceTree = "<group>"; };
		7B9342DB1BA542BA0073BDD8 /* main_index04.png */ = {isa = PBXFileReference; lastKnownFileType = image.png; path = main_index04.png; sourceTree = "<group>"; };
		7B9342DF1BA549E40073BDD8 /* tabBarbg.png */ = {isa = PBXFileReference; lastKnownFileType = image.png; path = tabBarbg.png; sourceTree = "<group>"; };
		7B9342E81BA54E2A0073BDD8 /* tabBar.png */ = {isa = PBXFileReference; lastKnownFileType = image.png; path = tabBar.png; sourceTree = "<group>"; };
		7B9342E91BA54E2A0073BDD8 /* navBar.png */ = {isa = PBXFileReference; lastKnownFileType = image.png; path = navBar.png; sourceTree = "<group>"; };
		7B9342ED1BA566680073BDD8 /* BaseTabBarController.h */ = {isa = PBXFileReference; fileEncoding = 4; lastKnownFileType = sourcecode.c.h; path = BaseTabBarController.h; sourceTree = "<group>"; };
		7B9342EE1BA566680073BDD8 /* BaseTabBarController.m */ = {isa = PBXFileReference; fileEncoding = 4; lastKnownFileType = sourcecode.c.objc; path = BaseTabBarController.m; sourceTree = "<group>"; };
		7B9342EF1BA566680073BDD8 /* FirstTBViewController.h */ = {isa = PBXFileReference; fileEncoding = 4; lastKnownFileType = sourcecode.c.h; path = FirstTBViewController.h; sourceTree = "<group>"; };
		7B9342F01BA566680073BDD8 /* FirstTBViewController.m */ = {isa = PBXFileReference; fileEncoding = 4; lastKnownFileType = sourcecode.c.objc; path = FirstTBViewController.m; sourceTree = "<group>"; };
		7B9342F41BA566FB0073BDD8 /* FirstTBView.h */ = {isa = PBXFileReference; fileEncoding = 4; lastKnownFileType = sourcecode.c.h; path = FirstTBView.h; sourceTree = "<group>"; };
		7B9342F51BA566FB0073BDD8 /* FirstTBView.m */ = {isa = PBXFileReference; fileEncoding = 4; lastKnownFileType = sourcecode.c.objc; path = FirstTBView.m; sourceTree = "<group>"; };
		7BAB445A1BC73E190022944B /* ExtensibleTableView.h */ = {isa = PBXFileReference; fileEncoding = 4; lastKnownFileType = sourcecode.c.h; path = ExtensibleTableView.h; sourceTree = "<group>"; };
		7BAB445B1BC73E190022944B /* ExtensibleTableView.m */ = {isa = PBXFileReference; fileEncoding = 4; lastKnownFileType = sourcecode.c.objc; path = ExtensibleTableView.m; sourceTree = "<group>"; };
		7BAF0D391BC7D65E00EB7B8C /* MusicListToolButton.h */ = {isa = PBXFileReference; fileEncoding = 4; lastKnownFileType = sourcecode.c.h; path = MusicListToolButton.h; sourceTree = "<group>"; };
		7BAF0D3A1BC7D65E00EB7B8C /* MusicListToolButton.m */ = {isa = PBXFileReference; fileEncoding = 4; lastKnownFileType = sourcecode.c.objc; path = MusicListToolButton.m; sourceTree = "<group>"; };
		7BE295381BA031A7006056C2 /* MusicApp.app */ = {isa = PBXFileReference; explicitFileType = wrapper.application; includeInIndex = 0; path = MusicApp.app; sourceTree = BUILT_PRODUCTS_DIR; };
		7BE2953C1BA031A7006056C2 /* main.m */ = {isa = PBXFileReference; lastKnownFileType = sourcecode.c.objc; path = main.m; sourceTree = "<group>"; };
		7BE2953E1BA031A7006056C2 /* AppDelegate.h */ = {isa = PBXFileReference; lastKnownFileType = sourcecode.c.h; path = AppDelegate.h; sourceTree = "<group>"; };
		7BE2953F1BA031A7006056C2 /* AppDelegate.m */ = {isa = PBXFileReference; lastKnownFileType = sourcecode.c.objc; path = AppDelegate.m; sourceTree = "<group>"; };
		7BE295411BA031A7006056C2 /* ViewController.h */ = {isa = PBXFileReference; lastKnownFileType = sourcecode.c.h; path = ViewController.h; sourceTree = "<group>"; };
		7BE295421BA031A7006056C2 /* ViewController.m */ = {isa = PBXFileReference; lastKnownFileType = sourcecode.c.objc; path = ViewController.m; sourceTree = "<group>"; };
		7BE295471BA031A7006056C2 /* Assets.xcassets */ = {isa = PBXFileReference; lastKnownFileType = folder.assetcatalog; path = Assets.xcassets; sourceTree = "<group>"; };
		7BE2954A1BA031A7006056C2 /* Base */ = {isa = PBXFileReference; lastKnownFileType = file.storyboard; name = Base; path = Base.lproj/LaunchScreen.storyboard; sourceTree = "<group>"; };
		7BE2954C1BA031A7006056C2 /* Info.plist */ = {isa = PBXFileReference; lastKnownFileType = text.plist.xml; path = Info.plist; sourceTree = "<group>"; };
		7BE295511BA031A7006056C2 /* MusicAppTests.xctest */ = {isa = PBXFileReference; explicitFileType = wrapper.cfbundle; includeInIndex = 0; path = MusicAppTests.xctest; sourceTree = BUILT_PRODUCTS_DIR; };
		7BE295551BA031A7006056C2 /* MusicAppTests.m */ = {isa = PBXFileReference; lastKnownFileType = sourcecode.c.objc; path = MusicAppTests.m; sourceTree = "<group>"; };
		7BE295571BA031A7006056C2 /* Info.plist */ = {isa = PBXFileReference; lastKnownFileType = text.plist.xml; path = Info.plist; sourceTree = "<group>"; };
		7BE2955C1BA031A7006056C2 /* MusicAppUITests.xctest */ = {isa = PBXFileReference; explicitFileType = wrapper.cfbundle; includeInIndex = 0; path = MusicAppUITests.xctest; sourceTree = BUILT_PRODUCTS_DIR; };
		7BE295601BA031A7006056C2 /* MusicAppUITests.m */ = {isa = PBXFileReference; lastKnownFileType = sourcecode.c.objc; path = MusicAppUITests.m; sourceTree = "<group>"; };
		7BE295621BA031A7006056C2 /* Info.plist */ = {isa = PBXFileReference; lastKnownFileType = text.plist.xml; path = Info.plist; sourceTree = "<group>"; };
		7BEC4BD61BC8CC6400F5249A /* MusicPlayerView.h */ = {isa = PBXFileReference; fileEncoding = 4; lastKnownFileType = sourcecode.c.h; path = MusicPlayerView.h; sourceTree = "<group>"; };
		7BEC4BD71BC8CC6400F5249A /* MusicPlayerView.m */ = {isa = PBXFileReference; fileEncoding = 4; lastKnownFileType = sourcecode.c.objc; path = MusicPlayerView.m; sourceTree = "<group>"; };
		7BEC4BD91BC8CC9800F5249A /* MusicPlayerViewController.h */ = {isa = PBXFileReference; fileEncoding = 4; lastKnownFileType = sourcecode.c.h; path = MusicPlayerViewController.h; sourceTree = "<group>"; };
		7BEC4BDA1BC8CC9800F5249A /* MusicPlayerViewController.m */ = {isa = PBXFileReference; fileEncoding = 4; lastKnownFileType = sourcecode.c.objc; path = MusicPlayerViewController.m; sourceTree = "<group>"; };
		7BEC4BDD1BC8CCC300F5249A /* MKAnnotationView+WebCache.h */ = {isa = PBXFileReference; fileEncoding = 4; lastKnownFileType = sourcecode.c.h; path = "MKAnnotationView+WebCache.h"; sourceTree = "<group>"; };
		7BEC4BDE1BC8CCC300F5249A /* MKAnnotationView+WebCache.m */ = {isa = PBXFileReference; fileEncoding = 4; lastKnownFileType = sourcecode.c.objc; path = "MKAnnotationView+WebCache.m"; sourceTree = "<group>"; };
		7BEC4BDF1BC8CCC300F5249A /* NSData+ImageContentType.h */ = {isa = PBXFileReference; fileEncoding = 4; lastKnownFileType = sourcecode.c.h; path = "NSData+ImageContentType.h"; sourceTree = "<group>"; };
		7BEC4BE01BC8CCC300F5249A /* NSData+ImageContentType.m */ = {isa = PBXFileReference; fileEncoding = 4; lastKnownFileType = sourcecode.c.objc; path = "NSData+ImageContentType.m"; sourceTree = "<group>"; };
		7BEC4BE11BC8CCC300F5249A /* SDImageCache.h */ = {isa = PBXFileReference; fileEncoding = 4; lastKnownFileType = sourcecode.c.h; path = SDImageCache.h; sourceTree = "<group>"; };
		7BEC4BE21BC8CCC300F5249A /* SDImageCache.m */ = {isa = PBXFileReference; fileEncoding = 4; lastKnownFileType = sourcecode.c.objc; path = SDImageCache.m; sourceTree = "<group>"; };
		7BEC4BE31BC8CCC300F5249A /* SDWebImageCompat.h */ = {isa = PBXFileReference; fileEncoding = 4; lastKnownFileType = sourcecode.c.h; path = SDWebImageCompat.h; sourceTree = "<group>"; };
		7BEC4BE41BC8CCC300F5249A /* SDWebImageCompat.m */ = {isa = PBXFileReference; fileEncoding = 4; lastKnownFileType = sourcecode.c.objc; path = SDWebImageCompat.m; sourceTree = "<group>"; };
		7BEC4BE51BC8CCC300F5249A /* SDWebImageDecoder.h */ = {isa = PBXFileReference; fileEncoding = 4; lastKnownFileType = sourcecode.c.h; path = SDWebImageDecoder.h; sourceTree = "<group>"; };
		7BEC4BE61BC8CCC300F5249A /* SDWebImageDecoder.m */ = {isa = PBXFileReference; fileEncoding = 4; lastKnownFileType = sourcecode.c.objc; path = SDWebImageDecoder.m; sourceTree = "<group>"; };
		7BEC4BE71BC8CCC300F5249A /* SDWebImageDownloader.h */ = {isa = PBXFileReference; fileEncoding = 4; lastKnownFileType = sourcecode.c.h; path = SDWebImageDownloader.h; sourceTree = "<group>"; };
		7BEC4BE81BC8CCC300F5249A /* SDWebImageDownloader.m */ = {isa = PBXFileReference; fileEncoding = 4; lastKnownFileType = sourcecode.c.objc; path = SDWebImageDownloader.m; sourceTree = "<group>"; };
		7BEC4BE91BC8CCC300F5249A /* SDWebImageDownloaderOperation.h */ = {isa = PBXFileReference; fileEncoding = 4; lastKnownFileType = sourcecode.c.h; path = SDWebImageDownloaderOperation.h; sourceTree = "<group>"; };
		7BEC4BEA1BC8CCC300F5249A /* SDWebImageDownloaderOperation.m */ = {isa = PBXFileReference; fileEncoding = 4; lastKnownFileType = sourcecode.c.objc; path = SDWebImageDownloaderOperation.m; sourceTree = "<group>"; };
		7BEC4BEB1BC8CCC300F5249A /* SDWebImageManager.h */ = {isa = PBXFileReference; fileEncoding = 4; lastKnownFileType = sourcecode.c.h; path = SDWebImageManager.h; sourceTree = "<group>"; };
		7BEC4BEC1BC8CCC300F5249A /* SDWebImageManager.m */ = {isa = PBXFileReference; fileEncoding = 4; lastKnownFileType = sourcecode.c.objc; path = SDWebImageManager.m; sourceTree = "<group>"; };
		7BEC4BED1BC8CCC300F5249A /* SDWebImageOperation.h */ = {isa = PBXFileReference; fileEncoding = 4; lastKnownFileType = sourcecode.c.h; path = SDWebImageOperation.h; sourceTree = "<group>"; };
		7BEC4BEE1BC8CCC300F5249A /* SDWebImagePrefetcher.h */ = {isa = PBXFileReference; fileEncoding = 4; lastKnownFileType = sourcecode.c.h; path = SDWebImagePrefetcher.h; sourceTree = "<group>"; };
		7BEC4BEF1BC8CCC300F5249A /* SDWebImagePrefetcher.m */ = {isa = PBXFileReference; fileEncoding = 4; lastKnownFileType = sourcecode.c.objc; path = SDWebImagePrefetcher.m; sourceTree = "<group>"; };
		7BEC4BF01BC8CCC300F5249A /* UIButton+WebCache.h */ = {isa = PBXFileReference; fileEncoding = 4; lastKnownFileType = sourcecode.c.h; path = "UIButton+WebCache.h"; sourceTree = "<group>"; };
		7BEC4BF11BC8CCC300F5249A /* UIButton+WebCache.m */ = {isa = PBXFileReference; fileEncoding = 4; lastKnownFileType = sourcecode.c.objc; path = "UIButton+WebCache.m"; sourceTree = "<group>"; };
		7BEC4BF21BC8CCC300F5249A /* UIImage+GIF.h */ = {isa = PBXFileReference; fileEncoding = 4; lastKnownFileType = sourcecode.c.h; path = "UIImage+GIF.h"; sourceTree = "<group>"; };
		7BEC4BF31BC8CCC300F5249A /* UIImage+GIF.m */ = {isa = PBXFileReference; fileEncoding = 4; lastKnownFileType = sourcecode.c.objc; path = "UIImage+GIF.m"; sourceTree = "<group>"; };
		7BEC4BF41BC8CCC300F5249A /* UIImage+MultiFormat.h */ = {isa = PBXFileReference; fileEncoding = 4; lastKnownFileType = sourcecode.c.h; path = "UIImage+MultiFormat.h"; sourceTree = "<group>"; };
		7BEC4BF51BC8CCC300F5249A /* UIImage+MultiFormat.m */ = {isa = PBXFileReference; fileEncoding = 4; lastKnownFileType = sourcecode.c.objc; path = "UIImage+MultiFormat.m"; sourceTree = "<group>"; };
		7BEC4BF61BC8CCC300F5249A /* UIImage+WebP.h */ = {isa = PBXFileReference; fileEncoding = 4; lastKnownFileType = sourcecode.c.h; path = "UIImage+WebP.h"; sourceTree = "<group>"; };
		7BEC4BF71BC8CCC300F5249A /* UIImage+WebP.m */ = {isa = PBXFileReference; fileEncoding = 4; lastKnownFileType = sourcecode.c.objc; path = "UIImage+WebP.m"; sourceTree = "<group>"; };
		7BEC4BF81BC8CCC300F5249A /* UIImageView+HighlightedWebCache.h */ = {isa = PBXFileReference; fileEncoding = 4; lastKnownFileType = sourcecode.c.h; path = "UIImageView+HighlightedWebCache.h"; sourceTree = "<group>"; };
		7BEC4BF91BC8CCC300F5249A /* UIImageView+HighlightedWebCache.m */ = {isa = PBXFileReference; fileEncoding = 4; lastKnownFileType = sourcecode.c.objc; path = "UIImageView+HighlightedWebCache.m"; sourceTree = "<group>"; };
		7BEC4BFA1BC8CCC300F5249A /* UIImageView+WebCache.h */ = {isa = PBXFileReference; fileEncoding = 4; lastKnownFileType = sourcecode.c.h; path = "UIImageView+WebCache.h"; sourceTree = "<group>"; };
		7BEC4BFB1BC8CCC300F5249A /* UIImageView+WebCache.m */ = {isa = PBXFileReference; fileEncoding = 4; lastKnownFileType = sourcecode.c.objc; path = "UIImageView+WebCache.m"; sourceTree = "<group>"; };
		7BEC4BFC1BC8CCC300F5249A /* UIView+WebCacheOperation.h */ = {isa = PBXFileReference; fileEncoding = 4; lastKnownFileType = sourcecode.c.h; path = "UIView+WebCacheOperation.h"; sourceTree = "<group>"; };
		7BEC4BFD1BC8CCC300F5249A /* UIView+WebCacheOperation.m */ = {isa = PBXFileReference; fileEncoding = 4; lastKnownFileType = sourcecode.c.objc; path = "UIView+WebCacheOperation.m"; sourceTree = "<group>"; };
/* End PBXFileReference section */

/* Begin PBXFrameworksBuildPhase section */
		7BE295351BA031A7006056C2 /* Frameworks */ = {
			isa = PBXFrameworksBuildPhase;
			buildActionMask = 2147483647;
			files = (
			);
			runOnlyForDeploymentPostprocessing = 0;
		};
		7BE2954E1BA031A7006056C2 /* Frameworks */ = {
			isa = PBXFrameworksBuildPhase;
			buildActionMask = 2147483647;
			files = (
			);
			runOnlyForDeploymentPostprocessing = 0;
		};
		7BE295591BA031A7006056C2 /* Frameworks */ = {
			isa = PBXFrameworksBuildPhase;
			buildActionMask = 2147483647;
			files = (
			);
			runOnlyForDeploymentPostprocessing = 0;
		};
/* End PBXFrameworksBuildPhase section */

/* Begin PBXGroup section */
		7B1A3F8F1BBB854600699094 /* MusicListCellView */ = {
			isa = PBXGroup;
			children = (
				7B1A3F901BBB854600699094 /* MusicListCell.h */,
				7B1A3F911BBB854600699094 /* MusicListCell.m */,
				7B1A3F921BBB854600699094 /* MusicListFrame.h */,
				7B1A3F931BBB854600699094 /* MusicListFrame.m */,
				7BAB445A1BC73E190022944B /* ExtensibleTableView.h */,
				7BAB445B1BC73E190022944B /* ExtensibleTableView.m */,
				7B15FAA91BC7BF2F00204957 /* MusicListTool.h */,
				7B15FAAA1BC7BF2F00204957 /* MusicListTool.m */,
				7BAF0D391BC7D65E00EB7B8C /* MusicListToolButton.h */,
				7BAF0D3A1BC7D65E00EB7B8C /* MusicListToolButton.m */,
			);
			path = MusicListCellView;
			sourceTree = "<group>";
		};
		7B1B41211BA6CBF400B6D9C1 /* Util */ = {
			isa = PBXGroup;
			children = (
				7B1B41221BA6CC1500B6D9C1 /* HttpSearchUtil.h */,
				7B1B41231BA6CC1500B6D9C1 /* HttpSearchUtil.m */,
				7B66FFBC1BBF70240076584D /* FetchDataFromNet.h */,
				7B66FFBD1BBF70240076584D /* FetchDataFromNet.m */,
			);
			path = Util;
			sourceTree = "<group>";
		};
		7B1B41471BA7F59700B6D9C1 /* MJRefresh */ = {
			isa = PBXGroup;
			children = (
				7B1B41481BA7F59700B6D9C1 /* MJRefresh.bundle */,
				7B1B41491BA7F59700B6D9C1 /* MJRefresh.h */,
				7B1B414A1BA7F59700B6D9C1 /* MJRefreshBaseView.h */,
				7B1B414B1BA7F59700B6D9C1 /* MJRefreshBaseView.m */,
				7B1B414C1BA7F59700B6D9C1 /* MJRefreshConst.h */,
				7B1B414D1BA7F59700B6D9C1 /* MJRefreshConst.m */,
				7B1B414E1BA7F59700B6D9C1 /* MJRefreshFooterView.h */,
				7B1B414F1BA7F59700B6D9C1 /* MJRefreshFooterView.m */,
				7B1B41501BA7F59700B6D9C1 /* MJRefreshHeaderView.h */,
				7B1B41511BA7F59700B6D9C1 /* MJRefreshHeaderView.m */,
				7B1B41521BA7F59700B6D9C1 /* UIScrollView+MJExtension.h */,
				7B1B41531BA7F59700B6D9C1 /* UIScrollView+MJExtension.m */,
				7B1B41541BA7F59700B6D9C1 /* UIScrollView+MJRefresh.h */,
				7B1B41551BA7F59700B6D9C1 /* UIScrollView+MJRefresh.m */,
				7B1B41561BA7F59700B6D9C1 /* UIView+MJExtension.h */,
				7B1B41571BA7F59700B6D9C1 /* UIView+MJExtension.m */,
			);
			path = MJRefresh;
			sourceTree = "<group>";
		};
		7B4979211BA1643C003242AC /* Model */ = {
			isa = PBXGroup;
			children = (
				7B4979221BA16452003242AC /* Music.h */,
				7B4979231BA16452003242AC /* Music.m */,
				7B4979251BA164A1003242AC /* MusicList.h */,
				7B4979261BA164A1003242AC /* MusicList.m */,
				7B66FFBF1BBF705E0076584D /* MusicData.h */,
				7B66FFC01BBF705E0076584D /* MusicData.m */,
			);
			path = Model;
			sourceTree = "<group>";
		};
		7B4979281BA16AD4003242AC /* MJExtension */ = {
			isa = PBXGroup;
			children = (
				7B4979291BA16AD4003242AC /* MJDictionaryCache.h */,
				7B49792A1BA16AD4003242AC /* MJDictionaryCache.m */,
				7B49792B1BA16AD4003242AC /* MJExtension.h */,
				7B49792C1BA16AD4003242AC /* MJExtensionConst.h */,
				7B49792D1BA16AD4003242AC /* MJExtensionConst.m */,
				7B49792E1BA16AD4003242AC /* MJFoundation.h */,
				7B49792F1BA16AD4003242AC /* MJFoundation.m */,
				7B4979301BA16AD4003242AC /* MJProperty.h */,
				7B4979311BA16AD4003242AC /* MJProperty.m */,
				7B4979321BA16AD4003242AC /* MJPropertyKey.h */,
				7B4979331BA16AD4003242AC /* MJPropertyKey.m */,
				7B4979341BA16AD4003242AC /* MJPropertyType.h */,
				7B4979351BA16AD4003242AC /* MJPropertyType.m */,
				7B4979361BA16AD4003242AC /* NSObject+MJClass.h */,
				7B4979371BA16AD4003242AC /* NSObject+MJClass.m */,
				7B4979381BA16AD4003242AC /* NSObject+MJCoding.h */,
				7B4979391BA16AD4003242AC /* NSObject+MJCoding.m */,
				7B49793A1BA16AD4003242AC /* NSObject+MJKeyValue.h */,
				7B49793B1BA16AD4003242AC /* NSObject+MJKeyValue.m */,
				7B49793C1BA16AD4003242AC /* NSObject+MJProperty.h */,
				7B49793D1BA16AD4003242AC /* NSObject+MJProperty.m */,
				7B49793E1BA16AD4003242AC /* NSString+MJExtension.h */,
				7B49793F1BA16AD4003242AC /* NSString+MJExtension.m */,
			);
			path = MJExtension;
			sourceTree = "<group>";
		};
		7B9342D61BA53F2D0073BDD8 /* Img */ = {
			isa = PBXGroup;
			children = (
				7B1B412A1BA70F1A00B6D9C1 /* MusicAppLogo.png */,
				7B9342E81BA54E2A0073BDD8 /* tabBar.png */,
				7B9342E91BA54E2A0073BDD8 /* navBar.png */,
				7B9342DF1BA549E40073BDD8 /* tabBarbg.png */,
				7B9342D91BA542BA0073BDD8 /* main_index02.png */,
				7B9342DA1BA542BA0073BDD8 /* main_index03.png */,
				7B9342DB1BA542BA0073BDD8 /* main_index04.png */,
				7B9342D71BA53F2D0073BDD8 /* main_index01.png */,
			);
			path = Img;
			sourceTree = "<group>";
		};
		7B9342EC1BA566680073BDD8 /* Controller */ = {
			isa = PBXGroup;
			children = (
				7BEC4BD91BC8CC9800F5249A /* MusicPlayerViewController.h */,
				7BEC4BDA1BC8CC9800F5249A /* MusicPlayerViewController.m */,
				7B9342ED1BA566680073BDD8 /* BaseTabBarController.h */,
				7B9342EE1BA566680073BDD8 /* BaseTabBarController.m */,
				7B9342EF1BA566680073BDD8 /* FirstTBViewController.h */,
				7B9342F01BA566680073BDD8 /* FirstTBViewController.m */,
				7B8320111BD0C48A00835C7A /* MyMusicTBViewController.h */,
				7B8320121BD0C48A00835C7A /* MyMusicTBViewController.m */,
			);
			name = Controller;
			path = MusicApp/Controller;
			sourceTree = SOURCE_ROOT;
		};
		7B9342F31BA566D60073BDD8 /* View */ = {
			isa = PBXGroup;
			children = (
				7BEC4BD51BC8CC5C00F5249A /* MusicPlayerView */,
				7B1A3F8F1BBB854600699094 /* MusicListCellView */,
				7B9342F41BA566FB0073BDD8 /* FirstTBView.h */,
				7B9342F51BA566FB0073BDD8 /* FirstTBView.m */,
				7B1B41251BA6D06E00B6D9C1 /* SearchTableView.h */,
				7B1B41261BA6D06E00B6D9C1 /* SearchTableView.m */,
			);
			path = View;
			sourceTree = "<group>";
		};
		7BE2952F1BA031A7006056C2 = {
			isa = PBXGroup;
			children = (
				7BEC4BDC1BC8CCC300F5249A /* SDWebImage */,
				7B1B41471BA7F59700B6D9C1 /* MJRefresh */,
				7B9342D61BA53F2D0073BDD8 /* Img */,
				7B4979281BA16AD4003242AC /* MJExtension */,
				7BE2953A1BA031A7006056C2 /* MusicApp */,
				7BE295541BA031A7006056C2 /* MusicAppTests */,
				7BE2955F1BA031A7006056C2 /* MusicAppUITests */,
				7BE295391BA031A7006056C2 /* Products */,
			);
			sourceTree = "<group>";
		};
		7BE295391BA031A7006056C2 /* Products */ = {
			isa = PBXGroup;
			children = (
				7BE295381BA031A7006056C2 /* MusicApp.app */,
				7BE295511BA031A7006056C2 /* MusicAppTests.xctest */,
				7BE2955C1BA031A7006056C2 /* MusicAppUITests.xctest */,
			);
			name = Products;
			sourceTree = "<group>";
		};
		7BE2953A1BA031A7006056C2 /* MusicApp */ = {
			isa = PBXGroup;
			children = (
				7B1B41211BA6CBF400B6D9C1 /* Util */,
				7B9342F31BA566D60073BDD8 /* View */,
				7B4979211BA1643C003242AC /* Model */,
				7B9342EC1BA566680073BDD8 /* Controller */,
				7BE2953E1BA031A7006056C2 /* AppDelegate.h */,
				7BE2953F1BA031A7006056C2 /* AppDelegate.m */,
				7BE295411BA031A7006056C2 /* ViewController.h */,
				7BE295421BA031A7006056C2 /* ViewController.m */,
				7BE295471BA031A7006056C2 /* Assets.xcassets */,
				7BE295491BA031A7006056C2 /* LaunchScreen.storyboard */,
				7BE2954C1BA031A7006056C2 /* Info.plist */,
				7BE2953B1BA031A7006056C2 /* Supporting Files */,
			);
			path = MusicApp;
			sourceTree = "<group>";
		};
		7BE2953B1BA031A7006056C2 /* Supporting Files */ = {
			isa = PBXGroup;
			children = (
				7BE2953C1BA031A7006056C2 /* main.m */,
				7B8320161BD0DD0D00835C7A /* DownLoadPlist.plist */,
			);
			name = "Supporting Files";
			sourceTree = "<group>";
		};
		7BE295541BA031A7006056C2 /* MusicAppTests */ = {
			isa = PBXGroup;
			children = (
				7BE295551BA031A7006056C2 /* MusicAppTests.m */,
				7BE295571BA031A7006056C2 /* Info.plist */,
			);
			path = MusicAppTests;
			sourceTree = "<group>";
		};
		7BE2955F1BA031A7006056C2 /* MusicAppUITests */ = {
			isa = PBXGroup;
			children = (
				7BE295601BA031A7006056C2 /* MusicAppUITests.m */,
				7BE295621BA031A7006056C2 /* Info.plist */,
			);
			path = MusicAppUITests;
			sourceTree = "<group>";
		};
		7BEC4BD51BC8CC5C00F5249A /* MusicPlayerView */ = {
			isa = PBXGroup;
			children = (
				7BEC4BD61BC8CC6400F5249A /* MusicPlayerView.h */,
				7BEC4BD71BC8CC6400F5249A /* MusicPlayerView.m */,
			);
			path = MusicPlayerView;
			sourceTree = "<group>";
		};
		7BEC4BDC1BC8CCC300F5249A /* SDWebImage */ = {
			isa = PBXGroup;
			children = (
				7BEC4BDD1BC8CCC300F5249A /* MKAnnotationView+WebCache.h */,
				7BEC4BDE1BC8CCC300F5249A /* MKAnnotationView+WebCache.m */,
				7BEC4BDF1BC8CCC300F5249A /* NSData+ImageContentType.h */,
				7BEC4BE01BC8CCC300F5249A /* NSData+ImageContentType.m */,
				7BEC4BE11BC8CCC300F5249A /* SDImageCache.h */,
				7BEC4BE21BC8CCC300F5249A /* SDImageCache.m */,
				7BEC4BE31BC8CCC300F5249A /* SDWebImageCompat.h */,
				7BEC4BE41BC8CCC300F5249A /* SDWebImageCompat.m */,
				7BEC4BE51BC8CCC300F5249A /* SDWebImageDecoder.h */,
				7BEC4BE61BC8CCC300F5249A /* SDWebImageDecoder.m */,
				7BEC4BE71BC8CCC300F5249A /* SDWebImageDownloader.h */,
				7BEC4BE81BC8CCC300F5249A /* SDWebImageDownloader.m */,
				7BEC4BE91BC8CCC300F5249A /* SDWebImageDownloaderOperation.h */,
				7BEC4BEA1BC8CCC300F5249A /* SDWebImageDownloaderOperation.m */,
				7BEC4BEB1BC8CCC300F5249A /* SDWebImageManager.h */,
				7BEC4BEC1BC8CCC300F5249A /* SDWebImageManager.m */,
				7BEC4BED1BC8CCC300F5249A /* SDWebImageOperation.h */,
				7BEC4BEE1BC8CCC300F5249A /* SDWebImagePrefetcher.h */,
				7BEC4BEF1BC8CCC300F5249A /* SDWebImagePrefetcher.m */,
				7BEC4BF01BC8CCC300F5249A /* UIButton+WebCache.h */,
				7BEC4BF11BC8CCC300F5249A /* UIButton+WebCache.m */,
				7BEC4BF21BC8CCC300F5249A /* UIImage+GIF.h */,
				7BEC4BF31BC8CCC300F5249A /* UIImage+GIF.m */,
				7BEC4BF41BC8CCC300F5249A /* UIImage+MultiFormat.h */,
				7BEC4BF51BC8CCC300F5249A /* UIImage+MultiFormat.m */,
				7BEC4BF61BC8CCC300F5249A /* UIImage+WebP.h */,
				7BEC4BF71BC8CCC300F5249A /* UIImage+WebP.m */,
				7BEC4BF81BC8CCC300F5249A /* UIImageView+HighlightedWebCache.h */,
				7BEC4BF91BC8CCC300F5249A /* UIImageView+HighlightedWebCache.m */,
				7BEC4BFA1BC8CCC300F5249A /* UIImageView+WebCache.h */,
				7BEC4BFB1BC8CCC300F5249A /* UIImageView+WebCache.m */,
				7BEC4BFC1BC8CCC300F5249A /* UIView+WebCacheOperation.h */,
				7BEC4BFD1BC8CCC300F5249A /* UIView+WebCacheOperation.m */,
			);
			path = SDWebImage;
			sourceTree = "<group>";
		};
/* End PBXGroup section */

/* Begin PBXNativeTarget section */
		7BE295371BA031A7006056C2 /* MusicApp */ = {
			isa = PBXNativeTarget;
			buildConfigurationList = 7BE295651BA031A7006056C2 /* Build configuration list for PBXNativeTarget "MusicApp" */;
			buildPhases = (
				7BE295341BA031A7006056C2 /* Sources */,
				7BE295351BA031A7006056C2 /* Frameworks */,
				7BE295361BA031A7006056C2 /* Resources */,
			);
			buildRules = (
			);
			dependencies = (
			);
			name = MusicApp;
			productName = MusicApp;
			productReference = 7BE295381BA031A7006056C2 /* MusicApp.app */;
			productType = "com.apple.product-type.application";
		};
		7BE295501BA031A7006056C2 /* MusicAppTests */ = {
			isa = PBXNativeTarget;
			buildConfigurationList = 7BE295681BA031A7006056C2 /* Build configuration list for PBXNativeTarget "MusicAppTests" */;
			buildPhases = (
				7BE2954D1BA031A7006056C2 /* Sources */,
				7BE2954E1BA031A7006056C2 /* Frameworks */,
				7BE2954F1BA031A7006056C2 /* Resources */,
			);
			buildRules = (
			);
			dependencies = (
				7BE295531BA031A7006056C2 /* PBXTargetDependency */,
			);
			name = MusicAppTests;
			productName = MusicAppTests;
			productReference = 7BE295511BA031A7006056C2 /* MusicAppTests.xctest */;
			productType = "com.apple.product-type.bundle.unit-test";
		};
		7BE2955B1BA031A7006056C2 /* MusicAppUITests */ = {
			isa = PBXNativeTarget;
			buildConfigurationList = 7BE2956B1BA031A7006056C2 /* Build configuration list for PBXNativeTarget "MusicAppUITests" */;
			buildPhases = (
				7BE295581BA031A7006056C2 /* Sources */,
				7BE295591BA031A7006056C2 /* Frameworks */,
				7BE2955A1BA031A7006056C2 /* Resources */,
			);
			buildRules = (
			);
			dependencies = (
				7BE2955E1BA031A7006056C2 /* PBXTargetDependency */,
			);
			name = MusicAppUITests;
			productName = MusicAppUITests;
			productReference = 7BE2955C1BA031A7006056C2 /* MusicAppUITests.xctest */;
			productType = "com.apple.product-type.bundle.ui-testing";
		};
/* End PBXNativeTarget section */

/* Begin PBXProject section */
		7BE295301BA031A7006056C2 /* Project object */ = {
			isa = PBXProject;
			attributes = {
				LastUpgradeCheck = 0700;
				ORGANIZATIONNAME = miao;
				TargetAttributes = {
					7BE295371BA031A7006056C2 = {
						CreatedOnToolsVersion = 7.0;
						DevelopmentTeam = C92RJHDF96;
					};
					7BE295501BA031A7006056C2 = {
						CreatedOnToolsVersion = 7.0;
						DevelopmentTeam = C92RJHDF96;
						TestTargetID = 7BE295371BA031A7006056C2;
					};
					7BE2955B1BA031A7006056C2 = {
						CreatedOnToolsVersion = 7.0;
						DevelopmentTeam = C92RJHDF96;
						TestTargetID = 7BE295371BA031A7006056C2;
					};
				};
			};
			buildConfigurationList = 7BE295331BA031A7006056C2 /* Build configuration list for PBXProject "MusicApp" */;
			compatibilityVersion = "Xcode 3.2";
			developmentRegion = English;
			hasScannedForEncodings = 0;
			knownRegions = (
				en,
				Base,
			);
			mainGroup = 7BE2952F1BA031A7006056C2;
			productRefGroup = 7BE295391BA031A7006056C2 /* Products */;
			projectDirPath = "";
			projectRoot = "";
			targets = (
				7BE295371BA031A7006056C2 /* MusicApp */,
				7BE295501BA031A7006056C2 /* MusicAppTests */,
				7BE2955B1BA031A7006056C2 /* MusicAppUITests */,
			);
		};
/* End PBXProject section */

/* Begin PBXResourcesBuildPhase section */
		7BE295361BA031A7006056C2 /* Resources */ = {
			isa = PBXResourcesBuildPhase;
			buildActionMask = 2147483647;
			files = (
				7BE2954B1BA031A7006056C2 /* LaunchScreen.storyboard in Resources */,
				7B9342EA1BA54E2A0073BDD8 /* tabBar.png in Resources */,
				7B9342DC1BA542BA0073BDD8 /* main_index02.png in Resources */,
				7BE295481BA031A7006056C2 /* Assets.xcassets in Resources */,
				7B9342EB1BA54E2A0073BDD8 /* navBar.png in Resources */,
				7B8320171BD0DD0D00835C7A /* DownLoadPlist.plist in Resources */,
				7B9342DD1BA542BA0073BDD8 /* main_index03.png in Resources */,
				7B9342E01BA549E40073BDD8 /* tabBarbg.png in Resources */,
				7B1B41581BA7F59700B6D9C1 /* MJRefresh.bundle in Resources */,
				7B1B412B1BA70F1A00B6D9C1 /* MusicAppLogo.png in Resources */,
				7B9342D81BA53F2D0073BDD8 /* main_index01.png in Resources */,
				7B9342DE1BA542BA0073BDD8 /* main_index04.png in Resources */,
			);
			runOnlyForDeploymentPostprocessing = 0;
		};
		7BE2954F1BA031A7006056C2 /* Resources */ = {
			isa = PBXResourcesBuildPhase;
			buildActionMask = 2147483647;
			files = (
			);
			runOnlyForDeploymentPostprocessing = 0;
		};
		7BE2955A1BA031A7006056C2 /* Resources */ = {
			isa = PBXResourcesBuildPhase;
			buildActionMask = 2147483647;
			files = (
			);
			runOnlyForDeploymentPostprocessing = 0;
		};
/* End PBXResourcesBuildPhase section */

/* Begin PBXSourcesBuildPhase section */
		7BE295341BA031A7006056C2 /* Sources */ = {
			isa = PBXSourcesBuildPhase;
			buildActionMask = 2147483647;
			files = (
				7BEC4C0B1BC8CCC300F5249A /* UIImageView+HighlightedWebCache.m in Sources */,
				7B1B415B1BA7F59700B6D9C1 /* MJRefreshFooterView.m in Sources */,
				7B66FFC11BBF705E0076584D /* MusicData.m in Sources */,
				7BE295431BA031A7006056C2 /* ViewController.m in Sources */,
				7B9342F21BA566680073BDD8 /* FirstTBViewController.m in Sources */,
				7B1B415F1BA7F59700B6D9C1 /* UIView+MJExtension.m in Sources */,
				7BEC4BD81BC8CC6400F5249A /* MusicPlayerView.m in Sources */,
				7BEC4BDB1BC8CC9800F5249A /* MusicPlayerViewController.m in Sources */,
				7BE295401BA031A7006056C2 /* AppDelegate.m in Sources */,
				7B4979411BA16AD4003242AC /* MJExtensionConst.m in Sources */,
				7B1B415E1BA7F59700B6D9C1 /* UIScrollView+MJRefresh.m in Sources */,
				7BAB445C1BC73E190022944B /* ExtensibleTableView.m in Sources */,
				7BE2953D1BA031A7006056C2 /* main.m in Sources */,
				7BEC4C051BC8CCC300F5249A /* SDWebImageManager.m in Sources */,
				7BEC4C0C1BC8CCC300F5249A /* UIImageView+WebCache.m in Sources */,
				7B1B415C1BA7F59700B6D9C1 /* MJRefreshHeaderView.m in Sources */,
				7B4979431BA16AD4003242AC /* MJProperty.m in Sources */,
				7B1B41591BA7F59700B6D9C1 /* MJRefreshBaseView.m in Sources */,
				7BEC4BFE1BC8CCC300F5249A /* MKAnnotationView+WebCache.m in Sources */,
				7BEC4BFF1BC8CCC300F5249A /* NSData+ImageContentType.m in Sources */,
				7B1B415A1BA7F59700B6D9C1 /* MJRefreshConst.m in Sources */,
				7B4979451BA16AD4003242AC /* MJPropertyType.m in Sources */,
				7B4979241BA16452003242AC /* Music.m in Sources */,
				7B66FFBE1BBF70240076584D /* FetchDataFromNet.m in Sources */,
				7B4979491BA16AD4003242AC /* NSObject+MJProperty.m in Sources */,
				7BEC4C041BC8CCC300F5249A /* SDWebImageDownloaderOperation.m in Sources */,
				7B49794A1BA16AD4003242AC /* NSString+MJExtension.m in Sources */,
				7B1B415D1BA7F59700B6D9C1 /* UIScrollView+MJExtension.m in Sources */,
				7B1A3F941BBB854600699094 /* MusicListCell.m in Sources */,
				7BEC4C0A1BC8CCC300F5249A /* UIImage+WebP.m in Sources */,
				7BEC4C031BC8CCC300F5249A /* SDWebImageDownloader.m in Sources */,
				7B9342F11BA566680073BDD8 /* BaseTabBarController.m in Sources */,
				7B4979471BA16AD4003242AC /* NSObject+MJCoding.m in Sources */,
				7B9342F61BA566FB0073BDD8 /* FirstTBView.m in Sources */,
				7BEC4C091BC8CCC300F5249A /* UIImage+MultiFormat.m in Sources */,
				7BEC4C021BC8CCC300F5249A /* SDWebImageDecoder.m in Sources */,
				7B1A3F951BBB854600699094 /* MusicListFrame.m in Sources */,
				7BAF0D3B1BC7D65E00EB7B8C /* MusicListToolButton.m in Sources */,
				7B4979271BA164A1003242AC /* MusicList.m in Sources */,
				7B1B41271BA6D06E00B6D9C1 /* SearchTableView.m in Sources */,
				7BEC4C071BC8CCC300F5249A /* UIButton+WebCache.m in Sources */,
				7B4979441BA16AD4003242AC /* MJPropertyKey.m in Sources */,
				7BEC4C061BC8CCC300F5249A /* SDWebImagePrefetcher.m in Sources */,
				7BEC4C0D1BC8CCC300F5249A /* UIView+WebCacheOperation.m in Sources */,
				7B1B41241BA6CC1500B6D9C1 /* HttpSearchUtil.m in Sources */,
				7B4979481BA16AD4003242AC /* NSObject+MJKeyValue.m in Sources */,
				7B8320131BD0C48A00835C7A /* MyMusicTBViewController.m in Sources */,
				7B4979461BA16AD4003242AC /* NSObject+MJClass.m in Sources */,
				7BEC4C081BC8CCC300F5249A /* UIImage+GIF.m in Sources */,
				7B15FAAB1BC7BF2F00204957 /* MusicListTool.m in Sources */,
				7B4979401BA16AD4003242AC /* MJDictionaryCache.m in Sources */,
				7B4979421BA16AD4003242AC /* MJFoundation.m in Sources */,
				7BEC4C011BC8CCC300F5249A /* SDWebImageCompat.m in Sources */,
				7BEC4C001BC8CCC300F5249A /* SDImageCache.m in Sources */,
			);
			runOnlyForDeploymentPostprocessing = 0;
		};
		7BE2954D1BA031A7006056C2 /* Sources */ = {
			isa = PBXSourcesBuildPhase;
			buildActionMask = 2147483647;
			files = (
				7BE295561BA031A7006056C2 /* MusicAppTests.m in Sources */,
			);
			runOnlyForDeploymentPostprocessing = 0;
		};
		7BE295581BA031A7006056C2 /* Sources */ = {
			isa = PBXSourcesBuildPhase;
			buildActionMask = 2147483647;
			files = (
				7BE295611BA031A7006056C2 /* MusicAppUITests.m in Sources */,
			);
			runOnlyForDeploymentPostprocessing = 0;
		};
/* End PBXSourcesBuildPhase section */

/* Begin PBXTargetDependency section */
		7BE295531BA031A7006056C2 /* PBXTargetDependency */ = {
			isa = PBXTargetDependency;
			target = 7BE295371BA031A7006056C2 /* MusicApp */;
			targetProxy = 7BE295521BA031A7006056C2 /* PBXContainerItemProxy */;
		};
		7BE2955E1BA031A7006056C2 /* PBXTargetDependency */ = {
			isa = PBXTargetDependency;
			target = 7BE295371BA031A7006056C2 /* MusicApp */;
			targetProxy = 7BE2955D1BA031A7006056C2 /* PBXContainerItemProxy */;
		};
/* End PBXTargetDependency section */

/* Begin PBXVariantGroup section */
		7BE295491BA031A7006056C2 /* LaunchScreen.storyboard */ = {
			isa = PBXVariantGroup;
			children = (
				7BE2954A1BA031A7006056C2 /* Base */,
			);
			name = LaunchScreen.storyboard;
			sourceTree = "<group>";
		};
/* End PBXVariantGroup section */

/* Begin XCBuildConfiguration section */
		7BE295631BA031A7006056C2 /* Debug */ = {
			isa = XCBuildConfiguration;
			buildSettings = {
				ALWAYS_SEARCH_USER_PATHS = NO;
				CLANG_CXX_LANGUAGE_STANDARD = "gnu++0x";
				CLANG_CXX_LIBRARY = "libc++";
				CLANG_ENABLE_MODULES = YES;
				CLANG_ENABLE_OBJC_ARC = YES;
				CLANG_WARN_BOOL_CONVERSION = YES;
				CLANG_WARN_CONSTANT_CONVERSION = YES;
				CLANG_WARN_DIRECT_OBJC_ISA_USAGE = YES_ERROR;
				CLANG_WARN_EMPTY_BODY = YES;
				CLANG_WARN_ENUM_CONVERSION = YES;
				CLANG_WARN_INT_CONVERSION = YES;
				CLANG_WARN_OBJC_ROOT_CLASS = YES_ERROR;
				CLANG_WARN_UNREACHABLE_CODE = YES;
				CLANG_WARN__DUPLICATE_METHOD_MATCH = YES;
				"CODE_SIGN_IDENTITY[sdk=iphoneos*]" = "iPhone Developer";
				COPY_PHASE_STRIP = NO;
				DEBUG_INFORMATION_FORMAT = dwarf;
				ENABLE_STRICT_OBJC_MSGSEND = YES;
				ENABLE_TESTABILITY = YES;
				GCC_C_LANGUAGE_STANDARD = gnu99;
				GCC_DYNAMIC_NO_PIC = NO;
				GCC_NO_COMMON_BLOCKS = YES;
				GCC_OPTIMIZATION_LEVEL = 0;
				GCC_PREPROCESSOR_DEFINITIONS = (
					"DEBUG=1",
					"$(inherited)",
				);
				GCC_WARN_64_TO_32_BIT_CONVERSION = YES;
				GCC_WARN_ABOUT_RETURN_TYPE = YES_ERROR;
				GCC_WARN_UNDECLARED_SELECTOR = YES;
				GCC_WARN_UNINITIALIZED_AUTOS = YES_AGGRESSIVE;
				GCC_WARN_UNUSED_FUNCTION = YES;
				GCC_WARN_UNUSED_VARIABLE = YES;
				IPHONEOS_DEPLOYMENT_TARGET = 9.0;
				MTL_ENABLE_DEBUG_INFO = YES;
				ONLY_ACTIVE_ARCH = YES;
				SDKROOT = iphoneos;
			};
			name = Debug;
		};
		7BE295641BA031A7006056C2 /* Release */ = {
			isa = XCBuildConfiguration;
			buildSettings = {
				ALWAYS_SEARCH_USER_PATHS = NO;
				CLANG_CXX_LANGUAGE_STANDARD = "gnu++0x";
				CLANG_CXX_LIBRARY = "libc++";
				CLANG_ENABLE_MODULES = YES;
				CLANG_ENABLE_OBJC_ARC = YES;
				CLANG_WARN_BOOL_CONVERSION = YES;
				CLANG_WARN_CONSTANT_CONVERSION = YES;
				CLANG_WARN_DIRECT_OBJC_ISA_USAGE = YES_ERROR;
				CLANG_WARN_EMPTY_BODY = YES;
				CLANG_WARN_ENUM_CONVERSION = YES;
				CLANG_WARN_INT_CONVERSION = YES;
				CLANG_WARN_OBJC_ROOT_CLASS = YES_ERROR;
				CLANG_WARN_UNREACHABLE_CODE = YES;
				CLANG_WARN__DUPLICATE_METHOD_MATCH = YES;
				"CODE_SIGN_IDENTITY[sdk=iphoneos*]" = "iPhone Developer";
				COPY_PHASE_STRIP = NO;
				DEBUG_INFORMATION_FORMAT = "dwarf-with-dsym";
				ENABLE_NS_ASSERTIONS = NO;
				ENABLE_STRICT_OBJC_MSGSEND = YES;
				GCC_C_LANGUAGE_STANDARD = gnu99;
				GCC_NO_COMMON_BLOCKS = YES;
				GCC_WARN_64_TO_32_BIT_CONVERSION = YES;
				GCC_WARN_ABOUT_RETURN_TYPE = YES_ERROR;
				GCC_WARN_UNDECLARED_SELECTOR = YES;
				GCC_WARN_UNINITIALIZED_AUTOS = YES_AGGRESSIVE;
				GCC_WARN_UNUSED_FUNCTION = YES;
				GCC_WARN_UNUSED_VARIABLE = YES;
				IPHONEOS_DEPLOYMENT_TARGET = 9.0;
				MTL_ENABLE_DEBUG_INFO = NO;
				SDKROOT = iphoneos;
				VALIDATE_PRODUCT = YES;
			};
			name = Release;
		};
		7BE295661BA031A7006056C2 /* Debug */ = {
			isa = XCBuildConfiguration;
			buildSettings = {
				ASSETCATALOG_COMPILER_APPICON_NAME = AppIcon;
				CODE_SIGN_IDENTITY = "iPhone Developer";
				ENABLE_STRICT_OBJC_MSGSEND = NO;
				INFOPLIST_FILE = MusicApp/Info.plist;
				IPHONEOS_DEPLOYMENT_TARGET = 9.0;
				LD_RUNPATH_SEARCH_PATHS = "$(inherited) @executable_path/Frameworks";
				PRODUCT_BUNDLE_IDENTIFIER = com.sinaapp.scaumiao.1.MusicApp;
				PRODUCT_NAME = "$(TARGET_NAME)";
			};
			name = Debug;
		};
		7BE295671BA031A7006056C2 /* Release */ = {
			isa = XCBuildConfiguration;
			buildSettings = {
				ASSETCATALOG_COMPILER_APPICON_NAME = AppIcon;
				CODE_SIGN_IDENTITY = "iPhone Developer";
				ENABLE_STRICT_OBJC_MSGSEND = NO;
				INFOPLIST_FILE = MusicApp/Info.plist;
				IPHONEOS_DEPLOYMENT_TARGET = 9.0;
				LD_RUNPATH_SEARCH_PATHS = "$(inherited) @executable_path/Frameworks";
				PRODUCT_BUNDLE_IDENTIFIER = com.sinaapp.scaumiao.1.MusicApp;
				PRODUCT_NAME = "$(TARGET_NAME)";
			};
			name = Release;
		};
		7BE295691BA031A7006056C2 /* Debug */ = {
			isa = XCBuildConfiguration;
			buildSettings = {
				BUNDLE_LOADER = "$(TEST_HOST)";
				INFOPLIST_FILE = MusicAppTests/Info.plist;
				LD_RUNPATH_SEARCH_PATHS = "$(inherited) @executable_path/Frameworks @loader_path/Frameworks";
				PRODUCT_BUNDLE_IDENTIFIER = com.sinaapp.scaumiao.1.MusicAppTests;
				PRODUCT_NAME = "$(TARGET_NAME)";
				TEST_HOST = "$(BUILT_PRODUCTS_DIR)/MusicApp.app/MusicApp";
			};
			name = Debug;
		};
		7BE2956A1BA031A7006056C2 /* Release */ = {
			isa = XCBuildConfiguration;
			buildSettings = {
				BUNDLE_LOADER = "$(TEST_HOST)";
				INFOPLIST_FILE = MusicAppTests/Info.plist;
				LD_RUNPATH_SEARCH_PATHS = "$(inherited) @executable_path/Frameworks @loader_path/Frameworks";
				PRODUCT_BUNDLE_IDENTIFIER = com.sinaapp.scaumiao.1.MusicAppTests;
				PRODUCT_NAME = "$(TARGET_NAME)";
				TEST_HOST = "$(BUILT_PRODUCTS_DIR)/MusicApp.app/MusicApp";
			};
			name = Release;
		};
		7BE2956C1BA031A7006056C2 /* Debug */ = {
			isa = XCBuildConfiguration;
			buildSettings = {
				INFOPLIST_FILE = MusicAppUITests/Info.plist;
				LD_RUNPATH_SEARCH_PATHS = "$(inherited) @executable_path/Frameworks @loader_path/Frameworks";
				PRODUCT_BUNDLE_IDENTIFIER = com.sinaapp.scaumiao.1.MusicAppUITests;
				PRODUCT_NAME = "$(TARGET_NAME)";
				TEST_TARGET_NAME = MusicApp;
				USES_XCTRUNNER = YES;
			};
			name = Debug;
		};
		7BE2956D1BA031A7006056C2 /* Release */ = {
			isa = XCBuildConfiguration;
			buildSettings = {
				INFOPLIST_FILE = MusicAppUITests/Info.plist;
				LD_RUNPATH_SEARCH_PATHS = "$(inherited) @executable_path/Frameworks @loader_path/Frameworks";
				PRODUCT_BUNDLE_IDENTIFIER = com.sinaapp.scaumiao.1.MusicAppUITests;
				PRODUCT_NAME = "$(TARGET_NAME)";
				TEST_TARGET_NAME = MusicApp;
				USES_XCTRUNNER = YES;
			};
			name = Release;
		};
/* End XCBuildConfiguration section */

/* Begin XCConfigurationList section */
		7BE295331BA031A7006056C2 /* Build configuration list for PBXProject "MusicApp" */ = {
			isa = XCConfigurationList;
			buildConfigurations = (
				7BE295631BA031A7006056C2 /* Debug */,
				7BE295641BA031A7006056C2 /* Release */,
			);
			defaultConfigurationIsVisible = 0;
			defaultConfigurationName = Release;
		};
		7BE295651BA031A7006056C2 /* Build configuration list for PBXNativeTarget "MusicApp" */ = {
			isa = XCConfigurationList;
			buildConfigurations = (
				7BE295661BA031A7006056C2 /* Debug */,
				7BE295671BA031A7006056C2 /* Release */,
			);
			defaultConfigurationIsVisible = 0;
			defaultConfigurationName = Release;
		};
		7BE295681BA031A7006056C2 /* Build configuration list for PBXNativeTarget "MusicAppTests" */ = {
			isa = XCConfigurationList;
			buildConfigurations = (
				7BE295691BA031A7006056C2 /* Debug */,
				7BE2956A1BA031A7006056C2 /* Release */,
			);
			defaultConfigurationIsVisible = 0;
			defaultConfigurationName = Release;
		};
		7BE2956B1BA031A7006056C2 /* Build configuration list for PBXNativeTarget "MusicAppUITests" */ = {
			isa = XCConfigurationList;
			buildConfigurations = (
				7BE2956C1BA031A7006056C2 /* Debug */,
				7BE2956D1BA031A7006056C2 /* Release */,
			);
			defaultConfigurationIsVisible = 0;
			defaultConfigurationName = Release;
		};
/* End XCConfigurationList section */
	};
	rootObject = 7BE295301BA031A7006056C2 /* Project object */;
}
